
Microsoft Visual Studio Solution File, Format Version 12.00
# Visual Studio Version 17
VisualStudioVersion = 17.12.35707.178
MinimumVisualStudioVersion = 10.0.40219.1
Project("{FAE04EC0-301F-11D3-BF4B-00C04F79EFBC}") = "Calendario.Dominio", "Calendario\Calendario.Dominio.csproj", "{F42FFFF8-74B5-449D-9D6D-8E3492F0A0DC}"
EndProject
Project("{FAE04EC0-301F-11D3-BF4B-00C04F79EFBC}") = "Calendario.Infraestructura.Persistencia", "Calendario.Infraestructura.Persistencia\Calendario.Infraestructura.Persistencia.csproj", "{386815E9-25BB-4B47-87F6-620E63C43CA0}"
EndProject
Project("{FAE04EC0-301F-11D3-BF4B-00C04F79EFBC}") = "Calendario.Core", "Calendario.Core\Calendario.Core.csproj", "{2E7638F7-9D68-44A8-85DA-A704E5ED942A}"
EndProject
Global
	GlobalSection(SolutionConfigurationPlatforms) = preSolution
		Debug|Any CPU = Debug|Any CPU
		Release|Any CPU = Release|Any CPU
	EndGlobalSection
	GlobalSection(ProjectConfigurationPlatforms) = postSolution
		{F42FFFF8-74B5-449D-9D6D-8E3492F0A0DC}.Debug|Any CPU.ActiveCfg = Debug|Any CPU
		{F42FFFF8-74B5-449D-9D6D-8E3492F0A0DC}.Debug|Any CPU.Build.0 = Debug|Any CPU
		{F42FFFF8-74B5-449D-9D6D-8E3492F0A0DC}.Release|Any CPU.ActiveCfg = Release|Any CPU
		{F42FFFF8-74B5-449D-9D6D-8E3492F0A0DC}.Release|Any CPU.Build.0 = Release|Any CPU
		{386815E9-25BB-4B47-87F6-620E63C43CA0}.Debug|Any CPU.ActiveCfg = Debug|Any CPU
		{386815E9-25BB-4B47-87F6-620E63C43CA0}.Debug|Any CPU.Build.0 = Debug|Any CPU
		{386815E9-25BB-4B47-87F6-620E63C43CA0}.Release|Any CPU.ActiveCfg = Release|Any CPU
		{386815E9-25BB-4B47-87F6-620E63C43CA0}.Release|Any CPU.Build.0 = Release|Any CPU
		{2E7638F7-9D68-44A8-85DA-A704E5ED942A}.Debug|Any CPU.ActiveCfg = Debug|Any CPU
		{2E7638F7-9D68-44A8-85DA-A704E5ED942A}.Debug|Any CPU.Build.0 = Debug|Any CPU
		{2E7638F7-9D68-44A8-85DA-A704E5ED942A}.Release|Any CPU.ActiveCfg = Release|Any CPU
		{2E7638F7-9D68-44A8-85DA-A704E5ED942A}.Release|Any CPU.Build.0 = Release|Any CPU
	EndGlobalSection
	GlobalSection(SolutionProperties) = preSolution
		HideSolutionNode = FALSE
	EndGlobalSection
	GlobalSection(ExtensibilityGlobals) = postSolution
		SolutionGuid = {EF23064E-8232-4F13-B548-B24C79EF3BBD}
	EndGlobalSection
EndGlobal
